// !$*UTF8*$!
{
	archiveVersion = 1;
	classes = {
	};
	objectVersion = 46;
	objects = {

/* Begin PBXBuildFile section */
		9D30E8321AA7F5AA004393DC /* main.m in Sources */ = {isa = PBXBuildFile; fileRef = 9D30E8311AA7F5AA004393DC /* main.m */; };
		9D30E8351AA7F5AA004393DC /* AppDelegate.m in Sources */ = {isa = PBXBuildFile; fileRef = 9D30E8341AA7F5AA004393DC /* AppDelegate.m */; };
		9D30E8381AA7F5AA004393DC /* ViewController.m in Sources */ = {isa = PBXBuildFile; fileRef = 9D30E8371AA7F5AA004393DC /* ViewController.m */; };
		9D30E83B1AA7F5AA004393DC /* Main.storyboard in Resources */ = {isa = PBXBuildFile; fileRef = 9D30E8391AA7F5AA004393DC /* Main.storyboard */; };
		9D30E83D1AA7F5AA004393DC /* Images.xcassets in Resources */ = {isa = PBXBuildFile; fileRef = 9D30E83C1AA7F5AA004393DC /* Images.xcassets */; };
		9D30E8401AA7F5AA004393DC /* LaunchScreen.xib in Resources */ = {isa = PBXBuildFile; fileRef = 9D30E83E1AA7F5AA004393DC /* LaunchScreen.xib */; };
		9D30E84C1AA7F5AA004393DC /* DarlingStoreTests.m in Sources */ = {isa = PBXBuildFile; fileRef = 9D30E84B1AA7F5AA004393DC /* DarlingStoreTests.m */; };
/* End PBXBuildFile section */

/* Begin PBXContainerItemProxy section */
		9D30E8461AA7F5AA004393DC /* PBXContainerItemProxy */ = {
			isa = PBXContainerItemProxy;
			containerPortal = 9D30E8241AA7F5AA004393DC /* Project object */;
			proxyType = 1;
			remoteGlobalIDString = 9D30E82B1AA7F5AA004393DC;
			remoteInfo = DarlingStore;
		};
/* End PBXContainerItemProxy section */

/* Begin PBXFileReference section */
		9D30E82C1AA7F5AA004393DC /* DarlingStore.app */ = {isa = PBXFileReference; explicitFileType = wrapper.application; includeInIndex = 0; path = DarlingStore.app; sourceTree = BUILT_PRODUCTS_DIR; };
		9D30E8301AA7F5AA004393DC /* Info.plist */ = {isa = PBXFileReference; lastKnownFileType = text.plist.xml; path = Info.plist; sourceTree = "<group>"; };
		9D30E8311AA7F5AA004393DC /* main.m */ = {isa = PBXFileReference; lastKnownFileType = sourcecode.c.objc; path = main.m; sourceTree = "<group>"; };
		9D30E8331AA7F5AA004393DC /* AppDelegate.h */ = {isa = PBXFileReference; lastKnownFileType = sourcecode.c.h; path = AppDelegate.h; sourceTree = "<group>"; };
		9D30E8341AA7F5AA004393DC /* AppDelegate.m */ = {isa = PBXFileReference; lastKnownFileType = sourcecode.c.objc; path = AppDelegate.m; sourceTree = "<group>"; };
		9D30E8361AA7F5AA004393DC /* ViewController.h */ = {isa = PBXFileReference; lastKnownFileType = sourcecode.c.h; path = ViewController.h; sourceTree = "<group>"; };
		9D30E8371AA7F5AA004393DC /* ViewController.m */ = {isa = PBXFileReference; lastKnownFileType = sourcecode.c.objc; path = ViewController.m; sourceTree = "<group>"; };
		9D30E83A1AA7F5AA004393DC /* Base */ = {isa = PBXFileReference; lastKnownFileType = file.storyboard; name = Base; path = Base.lproj/Main.storyboard; sourceTree = "<group>"; };
		9D30E83C1AA7F5AA004393DC /* Images.xcassets */ = {isa = PBXFileReference; lastKnownFileType = folder.assetcatalog; path = Images.xcassets; sourceTree = "<group>"; };
		9D30E83F1AA7F5AA004393DC /* Base */ = {isa = PBXFileReference; lastKnownFileType = file.xib; name = Base; path = Base.lproj/LaunchScreen.xib; sourceTree = "<group>"; };
		9D30E8451AA7F5AA004393DC /* DarlingStoreTests.xctest */ = {isa = PBXFileReference; explicitFileType = wrapper.cfbundle; includeInIndex = 0; path = DarlingStoreTests.xctest; sourceTree = BUILT_PRODUCTS_DIR; };
		9D30E84A1AA7F5AA004393DC /* Info.plist */ = {isa = PBXFileReference; lastKnownFileType = text.plist.xml; path = Info.plist; sourceTree = "<group>"; };
		9D30E84B1AA7F5AA004393DC /* DarlingStoreTests.m */ = {isa = PBXFileReference; lastKnownFileType = sourcecode.c.objc; path = DarlingStoreTests.m; sourceTree = "<group>"; };
/* End PBXFileReference section */

/* Begin PBXFrameworksBuildPhase section */
		9D30E8291AA7F5AA004393DC /* Frameworks */ = {
			isa = PBXFrameworksBuildPhase;
			buildActionMask = 2147483647;
			files = (
			);
			runOnlyForDeploymentPostprocessing = 0;
		};
		9D30E8421AA7F5AA004393DC /* Frameworks */ = {
			isa = PBXFrameworksBuildPhase;
			buildActionMask = 2147483647;
			files = (
			);
			runOnlyForDeploymentPostprocessing = 0;
		};
/* End PBXFrameworksBuildPhase section */

/* Begin PBXGroup section */
		9D30E8231AA7F5AA004393DC = {
			isa = PBXGroup;
			children = (
				9D30E82E1AA7F5AA004393DC /* DarlingStore */,
				9D30E8481AA7F5AA004393DC /* DarlingStoreTests */,
				9D30E82D1AA7F5AA004393DC /* Products */,
			);
			sourceTree = "<group>";
		};
		9D30E82D1AA7F5AA004393DC /* Products */ = {
			isa = PBXGroup;
			children = (
				9D30E82C1AA7F5AA004393DC /* DarlingStore.app */,
				9D30E8451AA7F5AA004393DC /* DarlingStoreTests.xctest */,
			);
			name = Products;
			sourceTree = "<group>";
		};
		9D30E82E1AA7F5AA004393DC /* DarlingStore */ = {
			isa = PBXGroup;
			children = (
				9D30E8331AA7F5AA004393DC /* AppDelegate.h */,
				9D30E8341AA7F5AA004393DC /* AppDelegate.m */,
				9D30E8361AA7F5AA004393DC /* ViewController.h */,
				9D30E8371AA7F5AA004393DC /* ViewController.m */,
				9D30E8391AA7F5AA004393DC /* Main.storyboard */,
				9D30E83C1AA7F5AA004393DC /* Images.xcassets */,
				9D30E83E1AA7F5AA004393DC /* LaunchScreen.xib */,
				9D30E82F1AA7F5AA004393DC /* Supporting Files */,
			);
			path = DarlingStore;
			sourceTree = "<group>";
		};
		9D30E82F1AA7F5AA004393DC /* Supporting Files */ = {
			isa = PBXGroup;
			children = (
				9D30E8301AA7F5AA004393DC /* Info.plist */,
				9D30E8311AA7F5AA004393DC /* main.m */,
			);
			name = "Supporting Files";
			sourceTree = "<group>";
		};
		9D30E8481AA7F5AA004393DC /* DarlingStoreTests */ = {
			isa = PBXGroup;
			children = (
				9D30E84B1AA7F5AA004393DC /* DarlingStoreTests.m */,
				9D30E8491AA7F5AA004393DC /* Supporting Files */,
			);
			path = DarlingStoreTests;
			sourceTree = "<group>";
		};
		9D30E8491AA7F5AA004393DC /* Supporting Files */ = {
			isa = PBXGroup;
			children = (
				9D30E84A1AA7F5AA004393DC /* Info.plist */,
			);
			name = "Supporting Files";
			sourceTree = "<group>";
		};
/* End PBXGroup section */

/* Begin PBXNativeTarget section */
		9D30E82B1AA7F5AA004393DC /* DarlingStore */ = {
			isa = PBXNativeTarget;
			buildConfigurationList = 9D30E84F1AA7F5AA004393DC /* Build configuration list for PBXNativeTarget "DarlingStore" */;
			buildPhases = (
				9D30E8281AA7F5AA004393DC /* Sources */,
				9D30E8291AA7F5AA004393DC /* Frameworks */,
				9D30E82A1AA7F5AA004393DC /* Resources */,
			);
			buildRules = (
			);
			dependencies = (
			);
			name = DarlingStore;
			productName = DarlingStore;
			productReference = 9D30E82C1AA7F5AA004393DC /* DarlingStore.app */;
			productType = "com.apple.product-type.application";
		};
		9D30E8441AA7F5AA004393DC /* DarlingStoreTests */ = {
			isa = PBXNativeTarget;
			buildConfigurationList = 9D30E8521AA7F5AA004393DC /* Build configuration list for PBXNativeTarget "DarlingStoreTests" */;
			buildPhases = (
				9D30E8411AA7F5AA004393DC /* Sources */,
				9D30E8421AA7F5AA004393DC /* Frameworks */,
				9D30E8431AA7F5AA004393DC /* Resources */,
			);
			buildRules = (
			);
			dependencies = (
				9D30E8471AA7F5AA004393DC /* PBXTargetDependency */,
			);
			name = DarlingStoreTests;
			productName = DarlingStoreTests;
			productReference = 9D30E8451AA7F5AA004393DC /* DarlingStoreTests.xctest */;
			productType = "com.apple.product-type.bundle.unit-test";
		};
/* End PBXNativeTarget section */

/* Begin PBXProject section */
		9D30E8241AA7F5AA004393DC /* Project object */ = {
			isa = PBXProject;
			attributes = {
				LastUpgradeCheck = 0600;
				ORGANIZATIONNAME = "王文波 And 武 艳飞";
				TargetAttributes = {
					9D30E82B1AA7F5AA004393DC = {
						CreatedOnToolsVersion = 6.0;
					};
					9D30E8441AA7F5AA004393DC = {
						CreatedOnToolsVersion = 6.0;
						TestTargetID = 9D30E82B1AA7F5AA004393DC;
					};
				};
			};
			buildConfigurationList = 9D30E8271AA7F5AA004393DC /* Build configuration list for PBXProject "DarlingStore" */;
			compatibilityVersion = "Xcode 3.2";
			developmentRegion = English;
			hasScannedForEncodings = 0;
			knownRegions = (
				en,
				Base,
			);
			mainGroup = 9D30E8231AA7F5AA004393DC;
			productRefGroup = 9D30E82D1AA7F5AA004393DC /* Products */;
			projectDirPath = "";
			projectRoot = "";
			targets = (
				9D30E82B1AA7F5AA004393DC /* DarlingStore */,
				9D30E8441AA7F5AA004393DC /* DarlingStoreTests */,
			);
		};
/* End PBXProject section */

/* Begin PBXResourcesBuildPhase section */
		9D30E82A1AA7F5AA004393DC /* Resources */ = {
			isa = PBXResourcesBuildPhase;
			buildActionMask = 2147483647;
			files = (
				9D30E83B1AA7F5AA004393DC /* Main.storyboard in Resources */,
				9D30E8401AA7F5AA004393DC /* LaunchScreen.xib in Resources */,
				9D30E83D1AA7F5AA004393DC /* Images.xcassets in Resources */,
			);
			runOnlyForDeploymentPostprocessing = 0;
		};
		9D30E8431AA7F5AA004393DC /* Resources */ = {
			isa = PBXResourcesBuildPhase;
			buildActionMask = 2147483647;
			files = (
			);
			runOnlyForDeploymentPostprocessing = 0;
		};
/* End PBXResourcesBuildPhase section */

/* Begin PBXSourcesBuildPhase section */
		9D30E8281AA7F5AA004393DC /* Sources */ = {
			isa = PBXSourcesBuildPhase;
			buildActionMask = 2147483647;
			files = (
				9D30E8381AA7F5AA004393DC /* ViewController.m in Sources */,
				9D30E8351AA7F5AA004393DC /* AppDelegate.m in Sources */,
				9D30E8321AA7F5AA004393DC /* main.m in Sources */,
			);
			runOnlyForDeploymentPostprocessing = 0;
		};
		9D30E8411AA7F5AA004393DC /* Sources */ = {
			isa = PBXSourcesBuildPhase;
			buildActionMask = 2147483647;
			files = (
				9D30E84C1AA7F5AA004393DC /* DarlingStoreTests.m in Sources */,
			);
			runOnlyForDeploymentPostprocessing = 0;
		};
/* End PBXSourcesBuildPhase section */

/* Begin PBXTargetDependency section */
		9D30E8471AA7F5AA004393DC /* PBXTargetDependency */ = {
			isa = PBXTargetDependency;
			target = 9D30E82B1AA7F5AA004393DC /* DarlingStore */;
			targetProxy = 9D30E8461AA7F5AA004393DC /* PBXContainerItemProxy */;
		};
/* End PBXTargetDependency section */

/* Begin PBXVariantGroup section */
		9D30E8391AA7F5AA004393DC /* Main.storyboard */ = {
			isa = PBXVariantGroup;
			children = (
				9D30E83A1AA7F5AA004393DC /* Base */,
			);
			name = Main.storyboard;
			sourceTree = "<group>";
		};
		9D30E83E1AA7F5AA004393DC /* LaunchScreen.xib */ = {
			isa = PBXVariantGroup;
			children = (
				9D30E83F1AA7F5AA004393DC /* Base */,
			);
			name = LaunchScreen.xib;
			sourceTree = "<group>";
		};
/* End PBXVariantGroup section */

/* Begin XCBuildConfiguration section */
		9D30E84D1AA7F5AA004393DC /* Debug */ = {
			isa = XCBuildConfiguration;
			buildSettings = {
				ALWAYS_SEARCH_USER_PATHS = NO;
				CLANG_CXX_LANGUAGE_STANDARD = "gnu++0x";
				CLANG_CXX_LIBRARY = "libc++";
				CLANG_ENABLE_MODULES = YES;
				CLANG_ENABLE_OBJC_ARC = YES;
				CLANG_WARN_BOOL_CONVERSION = YES;
				CLANG_WARN_CONSTANT_CONVERSION = YES;
				CLANG_WARN_DIRECT_OBJC_ISA_USAGE = YES_ERROR;
				CLANG_WARN_EMPTY_BODY = YES;
				CLANG_WARN_ENUM_CONVERSION = YES;
				CLANG_WARN_INT_CONVERSION = YES;
				CLANG_WARN_OBJC_ROOT_CLASS = YES_ERROR;
				CLANG_WARN_UNREACHABLE_CODE = YES;
				CLANG_WARN__DUPLICATE_METHOD_MATCH = YES;
				"CODE_SIGN_IDENTITY[sdk=iphoneos*]" = "iPhone Developer";
				COPY_PHASE_STRIP = NO;
				ENABLE_STRICT_OBJC_MSGSEND = YES;
				GCC_C_LANGUAGE_STANDARD = gnu99;
				GCC_DYNAMIC_NO_PIC = NO;
				GCC_OPTIMIZATION_LEVEL = 0;
				GCC_PREPROCESSOR_DEFINITIONS = (
					"DEBUG=1",
					"$(inherited)",
				);
				GCC_SYMBOLS_PRIVATE_EXTERN = NO;
				GCC_WARN_64_TO_32_BIT_CONVERSION = YES;
				GCC_WARN_ABOUT_RETURN_TYPE = YES_ERROR;
				GCC_WARN_UNDECLARED_SELECTOR = YES;
				GCC_WARN_UNINITIALIZED_AUTOS = YES_AGGRESSIVE;
				GCC_WARN_UNUSED_FUNCTION = YES;
				GCC_WARN_UNUSED_VARIABLE = YES;
				IPHONEOS_DEPLOYMENT_TARGET = 8.0;
				MTL_ENABLE_DEBUG_INFO = YES;
				ONLY_ACTIVE_ARCH = YES;
				SDKROOT = iphoneos;
			};
			name = Debug;
		};
		9D30E84E1AA7F5AA004393DC /* Release */ = {
			isa = XCBuildConfiguration;
			buildSettings = {
				ALWAYS_SEARCH_USER_PATHS = NO;
				CLANG_CXX_LANGUAGE_STANDARD = "gnu++0x";
				CLANG_CXX_LIBRARY = "libc++";
				CLANG_ENABLE_MODULES = YES;
				CLANG_ENABLE_OBJC_ARC = YES;
				CLANG_WARN_BOOL_CONVERSION = YES;
				CLANG_WARN_CONSTANT_CONVERSION = YES;
				CLANG_WARN_DIRECT_OBJC_ISA_USAGE = YES_ERROR;
				CLANG_WARN_EMPTY_BODY = YES;
				CLANG_WARN_ENUM_CONVERSION = YES;
				CLANG_WARN_INT_CONVERSION = YES;
				CLANG_WARN_OBJC_ROOT_CLASS = YES_ERROR;
				CLANG_WARN_UNREACHABLE_CODE = YES;
				CLANG_WARN__DUPLICATE_METHOD_MATCH = YES;
				"CODE_SIGN_IDENTITY[sdk=iphoneos*]" = "iPhone Developer";
				COPY_PHASE_STRIP = YES;
				ENABLE_NS_ASSERTIONS = NO;
				ENABLE_STRICT_OBJC_MSGSEND = YES;
				GCC_C_LANGUAGE_STANDARD = gnu99;
				GCC_WARN_64_TO_32_BIT_CONVERSION = YES;
				GCC_WARN_ABOUT_RETURN_TYPE = YES_ERROR;
				GCC_WARN_UNDECLARED_SELECTOR = YES;
				GCC_WARN_UNINITIALIZED_AUTOS = YES_AGGRESSIVE;
				GCC_WARN_UNUSED_FUNCTION = YES;
				GCC_WARN_UNUSED_VARIABLE = YES;
				IPHONEOS_DEPLOYMENT_TARGET = 8.0;
				MTL_ENABLE_DEBUG_INFO = NO;
				SDKROOT = iphoneos;
				VALIDATE_PRODUCT = YES;
			};
			name = Release;
		};
		9D30E8501AA7F5AA004393DC /* Debug */ = {
			isa = XCBuildConfiguration;
			buildSettings = {
				ASSETCATALOG_COMPILER_APPICON_NAME = AppIcon;
				INFOPLIST_FILE = DarlingStore/Info.plist;
				LD_RUNPATH_SEARCH_PATHS = "$(inherited) @executable_path/Frameworks";
				PRODUCT_NAME = "$(TARGET_NAME)";
			};
			name = Debug;
		};
		9D30E8511AA7F5AA004393DC /* Release */ = {
			isa = XCBuildConfiguration;
			buildSettings = {
				ASSETCATALOG_COMPILER_APPICON_NAME = AppIcon;
				INFOPLIST_FILE = DarlingStore/Info.plist;
				LD_RUNPATH_SEARCH_PATHS = "$(inherited) @executable_path/Frameworks";
				PRODUCT_NAME = "$(TARGET_NAME)";
			};
			name = Release;
		};
		9D30E8531AA7F5AA004393DC /* Debug */ = {
			isa = XCBuildConfiguration;
			buildSettings = {
				BUNDLE_LOADER = "$(TEST_HOST)";
				FRAMEWORK_SEARCH_PATHS = (
					"$(SDKROOT)/Developer/Library/Frameworks",
					"$(inherited)",
				);
				GCC_PREPROCESSOR_DEFINITIONS = (
					"DEBUG=1",
					"$(inherited)",
				);
				INFOPLIST_FILE = DarlingStoreTests/Info.plist;
				LD_RUNPATH_SEARCH_PATHS = "$(inherited) @executable_path/Frameworks @loader_path/Frameworks";
				PRODUCT_NAME = "$(TARGET_NAME)";
				TEST_HOST = "$(BUILT_PRODUCTS_DIR)/DarlingStore.app/DarlingStore";
			};
			name = Debug;
		};
		9D30E8541AA7F5AA004393DC /* Release */ = {
			isa = XCBuildConfiguration;
			buildSettings = {
				BUNDLE_LOADER = "$(TEST_HOST)";
				FRAMEWORK_SEARCH_PATHS = (
					"$(SDKROOT)/Developer/Library/Frameworks",
					"$(inherited)",
				);
				INFOPLIST_FILE = DarlingStoreTests/Info.plist;
				LD_RUNPATH_SEARCH_PATHS = "$(inherited) @executable_path/Frameworks @loader_path/Frameworks";
				PRODUCT_NAME = "$(TARGET_NAME)";
				TEST_HOST = "$(BUILT_PRODUCTS_DIR)/DarlingStore.app/DarlingStore";
			};
			name = Release;
		};
/* End XCBuildConfiguration section */

/* Begin XCConfigurationList section */
		9D30E8271AA7F5AA004393DC /* Build configuration list for PBXProject "DarlingStore" */ = {
			isa = XCConfigurationList;
			buildConfigurations = (
				9D30E84D1AA7F5AA004393DC /* Debug */,
				9D30E84E1AA7F5AA004393DC /* Release */,
			);
			defaultConfigurationIsVisible = 0;
			defaultConfigurationName = Release;
		};
		9D30E84F1AA7F5AA004393DC /* Build configuration list for PBXNativeTarget "DarlingStore" */ = {
			isa = XCConfigurationList;
			buildConfigurations = (
				9D30E8501AA7F5AA004393DC /* Debug */,
				9D30E8511AA7F5AA004393DC /* Release */,
			);
			defaultConfigurationIsVisible = 0;
		};
		9D30E8521AA7F5AA004393DC /* Build configuration list for PBXNativeTarget "DarlingStoreTests" */ = {
			isa = XCConfigurationList;
			buildConfigurations = (
				9D30E8531AA7F5AA004393DC /* Debug */,
				9D30E8541AA7F5AA004393DC /* Release */,
			);
			defaultConfigurationIsVisible = 0;
		};
/* End XCConfigurationList section */
	};
	rootObject = 9D30E8241AA7F5AA004393DC /* Project object */;
}
